
Microsoft Visual Studio Solution File, Format Version 12.00
# Visual Studio Version 16
VisualStudioVersion = 16.0.810.19
MinimumVisualStudioVersion = 10.0.40219.1
Project("{FAE04EC0-301F-11D3-BF4B-00C04F79EFBC}") = "lab8", "lab8\lab8.csproj", "{08785AB0-49BF-4095-B26E-6E4D006EB561}"
EndProject
Global
	GlobalSection(SolutionConfigurationPlatforms) = preSolution
		Debug|Any CPU = Debug|Any CPU
		Release|Any CPU = Release|Any CPU
	EndGlobalSection
	GlobalSection(ProjectConfigurationPlatforms) = postSolution
		{08785AB0-49BF-4095-B26E-6E4D006EB561}.Debug|Any CPU.ActiveCfg = Debug|Any CPU
		{08785AB0-49BF-4095-B26E-6E4D006EB561}.Debug|Any CPU.Build.0 = Debug|Any CPU
		{08785AB0-49BF-4095-B26E-6E4D006EB561}.Release|Any CPU.ActiveCfg = Release|Any CPU
		{08785AB0-49BF-4095-B26E-6E4D006EB561}.Release|Any CPU.Build.0 = Release|Any CPU
	EndGlobalSection
	GlobalSection(SolutionProperties) = preSolution
		HideSolutionNode = FALSE
	EndGlobalSection
	GlobalSection(ExtensibilityGlobals) = postSolution
		SolutionGuid = {E165442B-C840-47F7-A1E7-6B74410F8142}
	EndGlobalSection
EndGlobal
